// !$*UTF8*$!
{
	archiveVersion = 1;
	classes = {
	};
	objectVersion = 46;
	objects = {

/* Begin PBXBuildFile section */
		CF10A26218C30BB900E22EB3 /* VWWCommandsTableViewController.m in Sources */ = {isa = PBXBuildFile; fileRef = CF10A26118C30BB900E22EB3 /* VWWCommandsTableViewController.m */; };
		CF10A26518C30E1300E22EB3 /* VWWDetailsTableViewController.m in Sources */ = {isa = PBXBuildFile; fileRef = CF10A26418C30E1300E22EB3 /* VWWDetailsTableViewController.m */; };
		CF5C428418C316C7006A1260 /* VWWBinTableViewCell.m in Sources */ = {isa = PBXBuildFile; fileRef = CF5C428318C316C7006A1260 /* VWWBinTableViewCell.m */; };
		CF5C428818C318AC006A1260 /* VWWBinsTableViewController.m in Sources */ = {isa = PBXBuildFile; fileRef = CF5C428718C318AC006A1260 /* VWWBinsTableViewController.m */; };
		CF5C428E18C31F2B006A1260 /* VWWScannerController.m in Sources */ = {isa = PBXBuildFile; fileRef = CF5C428D18C31F2B006A1260 /* VWWScannerController.m */; };
		CFBE286D18C2AB3900DDB182 /* Foundation.framework in Frameworks */ = {isa = PBXBuildFile; fileRef = CFBE286C18C2AB3900DDB182 /* Foundation.framework */; };
		CFBE286F18C2AB3900DDB182 /* CoreGraphics.framework in Frameworks */ = {isa = PBXBuildFile; fileRef = CFBE286E18C2AB3900DDB182 /* CoreGraphics.framework */; };
		CFBE287118C2AB3900DDB182 /* UIKit.framework in Frameworks */ = {isa = PBXBuildFile; fileRef = CFBE287018C2AB3900DDB182 /* UIKit.framework */; };
		CFBE287718C2AB3900DDB182 /* InfoPlist.strings in Resources */ = {isa = PBXBuildFile; fileRef = CFBE287518C2AB3900DDB182 /* InfoPlist.strings */; };
		CFBE287918C2AB3900DDB182 /* main.m in Sources */ = {isa = PBXBuildFile; fileRef = CFBE287818C2AB3900DDB182 /* main.m */; };
		CFBE287D18C2AB3900DDB182 /* AppDelegate.m in Sources */ = {isa = PBXBuildFile; fileRef = CFBE287C18C2AB3900DDB182 /* AppDelegate.m */; };
		CFBE288018C2AB3900DDB182 /* Main.storyboard in Resources */ = {isa = PBXBuildFile; fileRef = CFBE287E18C2AB3900DDB182 /* Main.storyboard */; };
		CFBE288518C2AB3900DDB182 /* Images.xcassets in Resources */ = {isa = PBXBuildFile; fileRef = CFBE288418C2AB3900DDB182 /* Images.xcassets */; };
		CFBE288C18C2AB3900DDB182 /* XCTest.framework in Frameworks */ = {isa = PBXBuildFile; fileRef = CFBE288B18C2AB3900DDB182 /* XCTest.framework */; };
		CFBE288D18C2AB3900DDB182 /* Foundation.framework in Frameworks */ = {isa = PBXBuildFile; fileRef = CFBE286C18C2AB3900DDB182 /* Foundation.framework */; };
		CFBE288E18C2AB3900DDB182 /* UIKit.framework in Frameworks */ = {isa = PBXBuildFile; fileRef = CFBE287018C2AB3900DDB182 /* UIKit.framework */; };
		CFBE289618C2AB3900DDB182 /* InfoPlist.strings in Resources */ = {isa = PBXBuildFile; fileRef = CFBE289418C2AB3900DDB182 /* InfoPlist.strings */; };
		CFBE289818C2AB3900DDB182 /* CandySorterTests.m in Sources */ = {isa = PBXBuildFile; fileRef = CFBE289718C2AB3900DDB182 /* CandySorterTests.m */; };
		CFBE28A518C2AB8300DDB182 /* BLE.m in Sources */ = {isa = PBXBuildFile; fileRef = CFBE28A318C2AB8300DDB182 /* BLE.m */; };
		CFBE28A718C2AB9A00DDB182 /* CoreBluetooth.framework in Frameworks */ = {isa = PBXBuildFile; fileRef = CFBE28A618C2AB9A00DDB182 /* CoreBluetooth.framework */; };
		CFBE28C118C2B1DB00DDB182 /* VWWScannerViewController.m in Sources */ = {isa = PBXBuildFile; fileRef = CFBE28B618C2B1DB00DDB182 /* VWWScannerViewController.m */; };
		CFBE28C218C2B1DB00DDB182 /* VWWDefaultViewController.m in Sources */ = {isa = PBXBuildFile; fileRef = CFBE28B818C2B1DB00DDB182 /* VWWDefaultViewController.m */; };
		CFBE28C318C2B1DB00DDB182 /* VWWBLEController.m in Sources */ = {isa = PBXBuildFile; fileRef = CFBE28BB18C2B1DB00DDB182 /* VWWBLEController.m */; };
		CFBE28C418C2B1DB00DDB182 /* VWWColorView.m in Sources */ = {isa = PBXBuildFile; fileRef = CFBE28BE18C2B1DB00DDB182 /* VWWColorView.m */; };
		CFBE28C518C2B1DB00DDB182 /* VWWCrosshairView.m in Sources */ = {isa = PBXBuildFile; fileRef = CFBE28C018C2B1DB00DDB182 /* VWWCrosshairView.m */; };
		CFBE28CB18C2B24700DDB182 /* VWWColor.m in Sources */ = {isa = PBXBuildFile; fileRef = CFBE28C818C2B24700DDB182 /* VWWColor.m */; };
		CFBE28CC18C2B24700DDB182 /* VWWColors.m in Sources */ = {isa = PBXBuildFile; fileRef = CFBE28CA18C2B24700DDB182 /* VWWColors.m */; };
		CFBE28CE18C2B28400DDB182 /* AVFoundation.framework in Frameworks */ = {isa = PBXBuildFile; fileRef = CFBE28CD18C2B28400DDB182 /* AVFoundation.framework */; };
/* End PBXBuildFile section */

/* Begin PBXContainerItemProxy section */
		CFBE288F18C2AB3900DDB182 /* PBXContainerItemProxy */ = {
			isa = PBXContainerItemProxy;
			containerPortal = CFBE286118C2AB3900DDB182 /* Project object */;
			proxyType = 1;
			remoteGlobalIDString = CFBE286818C2AB3900DDB182;
			remoteInfo = CandySorter;
		};
/* End PBXContainerItemProxy section */

/* Begin PBXFileReference section */
		CF10A25E18C3041700E22EB3 /* CandySorter_sketch.ino */ = {isa = PBXFileReference; explicitFileType = sourcecode.c; path = CandySorter_sketch.ino; sourceTree = "<group>"; };
		CF10A25F18C3041700E22EB3 /* CandySorter_sketch.ino_servos */ = {isa = PBXFileReference; lastKnownFileType = text; path = CandySorter_sketch.ino_servos; sourceTree = "<group>"; };
		CF10A26018C30BB900E22EB3 /* VWWCommandsTableViewController.h */ = {isa = PBXFileReference; fileEncoding = 4; lastKnownFileType = sourcecode.c.h; path = VWWCommandsTableViewController.h; sourceTree = "<group>"; };
		CF10A26118C30BB900E22EB3 /* VWWCommandsTableViewController.m */ = {isa = PBXFileReference; fileEncoding = 4; lastKnownFileType = sourcecode.c.objc; path = VWWCommandsTableViewController.m; sourceTree = "<group>"; };
		CF10A26318C30E1300E22EB3 /* VWWDetailsTableViewController.h */ = {isa = PBXFileReference; fileEncoding = 4; lastKnownFileType = sourcecode.c.h; path = VWWDetailsTableViewController.h; sourceTree = "<group>"; };
		CF10A26418C30E1300E22EB3 /* VWWDetailsTableViewController.m */ = {isa = PBXFileReference; fileEncoding = 4; lastKnownFileType = sourcecode.c.objc; path = VWWDetailsTableViewController.m; sourceTree = "<group>"; };
		CF5C428218C316C7006A1260 /* VWWBinTableViewCell.h */ = {isa = PBXFileReference; fileEncoding = 4; lastKnownFileType = sourcecode.c.h; path = VWWBinTableViewCell.h; sourceTree = "<group>"; };
		CF5C428318C316C7006A1260 /* VWWBinTableViewCell.m */ = {isa = PBXFileReference; fileEncoding = 4; lastKnownFileType = sourcecode.c.objc; path = VWWBinTableViewCell.m; sourceTree = "<group>"; };
		CF5C428618C318AC006A1260 /* VWWBinsTableViewController.h */ = {isa = PBXFileReference; fileEncoding = 4; lastKnownFileType = sourcecode.c.h; path = VWWBinsTableViewController.h; sourceTree = "<group>"; };
		CF5C428718C318AC006A1260 /* VWWBinsTableViewController.m */ = {isa = PBXFileReference; fileEncoding = 4; lastKnownFileType = sourcecode.c.objc; path = VWWBinsTableViewController.m; sourceTree = "<group>"; };
		CF5C428C18C31F2B006A1260 /* VWWScannerController.h */ = {isa = PBXFileReference; fileEncoding = 4; lastKnownFileType = sourcecode.c.h; path = VWWScannerController.h; sourceTree = "<group>"; };
		CF5C428D18C31F2B006A1260 /* VWWScannerController.m */ = {isa = PBXFileReference; fileEncoding = 4; lastKnownFileType = sourcecode.c.objc; path = VWWScannerController.m; sourceTree = "<group>"; };
		CFBE286918C2AB3900DDB182 /* CandySorter.app */ = {isa = PBXFileReference; explicitFileType = wrapper.application; includeInIndex = 0; path = CandySorter.app; sourceTree = BUILT_PRODUCTS_DIR; };
		CFBE286C18C2AB3900DDB182 /* Foundation.framework */ = {isa = PBXFileReference; lastKnownFileType = wrapper.framework; name = Foundation.framework; path = System/Library/Frameworks/Foundation.framework; sourceTree = SDKROOT; };
		CFBE286E18C2AB3900DDB182 /* CoreGraphics.framework */ = {isa = PBXFileReference; lastKnownFileType = wrapper.framework; name = CoreGraphics.framework; path = System/Library/Frameworks/CoreGraphics.framework; sourceTree = SDKROOT; };
		CFBE287018C2AB3900DDB182 /* UIKit.framework */ = {isa = PBXFileReference; lastKnownFileType = wrapper.framework; name = UIKit.framework; path = System/Library/Frameworks/UIKit.framework; sourceTree = SDKROOT; };
		CFBE287418C2AB3900DDB182 /* CandySorter-Info.plist */ = {isa = PBXFileReference; lastKnownFileType = text.plist.xml; path = "CandySorter-Info.plist"; sourceTree = "<group>"; };
		CFBE287618C2AB3900DDB182 /* en */ = {isa = PBXFileReference; lastKnownFileType = text.plist.strings; name = en; path = en.lproj/InfoPlist.strings; sourceTree = "<group>"; };
		CFBE287818C2AB3900DDB182 /* main.m */ = {isa = PBXFileReference; lastKnownFileType = sourcecode.c.objc; path = main.m; sourceTree = "<group>"; };
		CFBE287A18C2AB3900DDB182 /* CandySorter-Prefix.pch */ = {isa = PBXFileReference; lastKnownFileType = sourcecode.c.h; path = "CandySorter-Prefix.pch"; sourceTree = "<group>"; };
		CFBE287B18C2AB3900DDB182 /* AppDelegate.h */ = {isa = PBXFileReference; lastKnownFileType = sourcecode.c.h; path = AppDelegate.h; sourceTree = "<group>"; };
		CFBE287C18C2AB3900DDB182 /* AppDelegate.m */ = {isa = PBXFileReference; lastKnownFileType = sourcecode.c.objc; path = AppDelegate.m; sourceTree = "<group>"; };
		CFBE287F18C2AB3900DDB182 /* Base */ = {isa = PBXFileReference; lastKnownFileType = file.storyboard; name = Base; path = Base.lproj/Main.storyboard; sourceTree = "<group>"; };
		CFBE288418C2AB3900DDB182 /* Images.xcassets */ = {isa = PBXFileReference; lastKnownFileType = folder.assetcatalog; path = Images.xcassets; sourceTree = "<group>"; };
		CFBE288A18C2AB3900DDB182 /* CandySorterTests.xctest */ = {isa = PBXFileReference; explicitFileType = wrapper.cfbundle; includeInIndex = 0; path = CandySorterTests.xctest; sourceTree = BUILT_PRODUCTS_DIR; };
		CFBE288B18C2AB3900DDB182 /* XCTest.framework */ = {isa = PBXFileReference; lastKnownFileType = wrapper.framework; name = XCTest.framework; path = Library/Frameworks/XCTest.framework; sourceTree = DEVELOPER_DIR; };
		CFBE289318C2AB3900DDB182 /* CandySorterTests-Info.plist */ = {isa = PBXFileReference; lastKnownFileType = text.plist.xml; path = "CandySorterTests-Info.plist"; sourceTree = "<group>"; };
		CFBE289518C2AB3900DDB182 /* en */ = {isa = PBXFileReference; lastKnownFileType = text.plist.strings; name = en; path = en.lproj/InfoPlist.strings; sourceTree = "<group>"; };
		CFBE289718C2AB3900DDB182 /* CandySorterTests.m */ = {isa = PBXFileReference; lastKnownFileType = sourcecode.c.objc; path = CandySorterTests.m; sourceTree = "<group>"; };
		CFBE28A218C2AB8300DDB182 /* BLE.h */ = {isa = PBXFileReference; fileEncoding = 4; lastKnownFileType = sourcecode.c.h; path = BLE.h; sourceTree = "<group>"; };
		CFBE28A318C2AB8300DDB182 /* BLE.m */ = {isa = PBXFileReference; fileEncoding = 4; lastKnownFileType = sourcecode.c.objc; path = BLE.m; sourceTree = "<group>"; };
		CFBE28A418C2AB8300DDB182 /* BLEDefines.h */ = {isa = PBXFileReference; fileEncoding = 4; lastKnownFileType = sourcecode.c.h; path = BLEDefines.h; sourceTree = "<group>"; };
		CFBE28A618C2AB9A00DDB182 /* CoreBluetooth.framework */ = {isa = PBXFileReference; lastKnownFileType = wrapper.framework; name = CoreBluetooth.framework; path = System/Library/Frameworks/CoreBluetooth.framework; sourceTree = SDKROOT; };
		CFBE28B318C2ADA500DDB182 /* VWWUtilities.h */ = {isa = PBXFileReference; fileEncoding = 4; lastKnownFileType = sourcecode.c.h; path = VWWUtilities.h; sourceTree = "<group>"; };
		CFBE28B518C2B1DB00DDB182 /* VWWScannerViewController.h */ = {isa = PBXFileReference; fileEncoding = 4; lastKnownFileType = sourcecode.c.h; path = VWWScannerViewController.h; sourceTree = "<group>"; };
		CFBE28B618C2B1DB00DDB182 /* VWWScannerViewController.m */ = {isa = PBXFileReference; fileEncoding = 4; lastKnownFileType = sourcecode.c.objc; path = VWWScannerViewController.m; sourceTree = "<group>"; };
		CFBE28B718C2B1DB00DDB182 /* VWWDefaultViewController.h */ = {isa = PBXFileReference; fileEncoding = 4; lastKnownFileType = sourcecode.c.h; path = VWWDefaultViewController.h; sourceTree = "<group>"; };
		CFBE28B818C2B1DB00DDB182 /* VWWDefaultViewController.m */ = {isa = PBXFileReference; fileEncoding = 4; lastKnownFileType = sourcecode.c.objc; path = VWWDefaultViewController.m; sourceTree = "<group>"; };
		CFBE28BA18C2B1DB00DDB182 /* VWWBLEController.h */ = {isa = PBXFileReference; fileEncoding = 4; lastKnownFileType = sourcecode.c.h; path = VWWBLEController.h; sourceTree = "<group>"; };
		CFBE28BB18C2B1DB00DDB182 /* VWWBLEController.m */ = {isa = PBXFileReference; fileEncoding = 4; lastKnownFileType = sourcecode.c.objc; path = VWWBLEController.m; sourceTree = "<group>"; };
		CFBE28BD18C2B1DB00DDB182 /* VWWColorView.h */ = {isa = PBXFileReference; fileEncoding = 4; lastKnownFileType = sourcecode.c.h; path = VWWColorView.h; sourceTree = "<group>"; };
		CFBE28BE18C2B1DB00DDB182 /* VWWColorView.m */ = {isa = PBXFileReference; fileEncoding = 4; lastKnownFileType = sourcecode.c.objc; path = VWWColorView.m; sourceTree = "<group>"; };
		CFBE28BF18C2B1DB00DDB182 /* VWWCrosshairView.h */ = {isa = PBXFileReference; fileEncoding = 4; lastKnownFileType = sourcecode.c.h; path = VWWCrosshairView.h; sourceTree = "<group>"; };
		CFBE28C018C2B1DB00DDB182 /* VWWCrosshairView.m */ = {isa = PBXFileReference; fileEncoding = 4; lastKnownFileType = sourcecode.c.objc; path = VWWCrosshairView.m; sourceTree = "<group>"; };
		CFBE28C718C2B24700DDB182 /* VWWColor.h */ = {isa = PBXFileReference; fileEncoding = 4; lastKnownFileType = sourcecode.c.h; path = VWWColor.h; sourceTree = "<group>"; };
		CFBE28C818C2B24700DDB182 /* VWWColor.m */ = {isa = PBXFileReference; fileEncoding = 4; lastKnownFileType = sourcecode.c.objc; path = VWWColor.m; sourceTree = "<group>"; };
		CFBE28C918C2B24700DDB182 /* VWWColors.h */ = {isa = PBXFileReference; fileEncoding = 4; lastKnownFileType = sourcecode.c.h; path = VWWColors.h; sourceTree = "<group>"; };
		CFBE28CA18C2B24700DDB182 /* VWWColors.m */ = {isa = PBXFileReference; fileEncoding = 4; lastKnownFileType = sourcecode.c.objc; path = VWWColors.m; sourceTree = "<group>"; };
		CFBE28CD18C2B28400DDB182 /* AVFoundation.framework */ = {isa = PBXFileReference; lastKnownFileType = wrapper.framework; name = AVFoundation.framework; path = System/Library/Frameworks/AVFoundation.framework; sourceTree = SDKROOT; };
/* End PBXFileReference section */

/* Begin PBXFrameworksBuildPhase section */
		CFBE286618C2AB3900DDB182 /* Frameworks */ = {
			isa = PBXFrameworksBuildPhase;
			buildActionMask = 2147483647;
			files = (
				CFBE28CE18C2B28400DDB182 /* AVFoundation.framework in Frameworks */,
				CFBE28A718C2AB9A00DDB182 /* CoreBluetooth.framework in Frameworks */,
				CFBE286F18C2AB3900DDB182 /* CoreGraphics.framework in Frameworks */,
				CFBE287118C2AB3900DDB182 /* UIKit.framework in Frameworks */,
				CFBE286D18C2AB3900DDB182 /* Foundation.framework in Frameworks */,
			);
			runOnlyForDeploymentPostprocessing = 0;
		};
		CFBE288718C2AB3900DDB182 /* Frameworks */ = {
			isa = PBXFrameworksBuildPhase;
			buildActionMask = 2147483647;
			files = (
				CFBE288C18C2AB3900DDB182 /* XCTest.framework in Frameworks */,
				CFBE288E18C2AB3900DDB182 /* UIKit.framework in Frameworks */,
				CFBE288D18C2AB3900DDB182 /* Foundation.framework in Frameworks */,
			);
			runOnlyForDeploymentPostprocessing = 0;
		};
/* End PBXFrameworksBuildPhase section */

/* Begin PBXGroup section */
		CF10A25D18C3041700E22EB3 /* CandySorter_sketch */ = {
			isa = PBXGroup;
			children = (
				CF10A25E18C3041700E22EB3 /* CandySorter_sketch.ino */,
				CF10A25F18C3041700E22EB3 /* CandySorter_sketch.ino_servos */,
			);
			path = CandySorter_sketch;
			sourceTree = "<group>";
		};
		CF5C428018C3169D006A1260 /* Commands */ = {
			isa = PBXGroup;
			children = (
				CF10A26018C30BB900E22EB3 /* VWWCommandsTableViewController.h */,
				CF10A26118C30BB900E22EB3 /* VWWCommandsTableViewController.m */,
			);
			name = Commands;
			sourceTree = "<group>";
		};
		CF5C428118C316AA006A1260 /* Cell */ = {
			isa = PBXGroup;
			children = (
				CF5C428218C316C7006A1260 /* VWWBinTableViewCell.h */,
				CF5C428318C316C7006A1260 /* VWWBinTableViewCell.m */,
			);
			name = Cell;
			sourceTree = "<group>";
		};
		CF5C428518C31898006A1260 /* Bins */ = {
			isa = PBXGroup;
			children = (
				CF5C428118C316AA006A1260 /* Cell */,
				CF5C428618C318AC006A1260 /* VWWBinsTableViewController.h */,
				CF5C428718C318AC006A1260 /* VWWBinsTableViewController.m */,
			);
			name = Bins;
			sourceTree = "<group>";
		};
		CF5C428918C31967006A1260 /* Scanner */ = {
			isa = PBXGroup;
			children = (
				CFBE28B518C2B1DB00DDB182 /* VWWScannerViewController.h */,
				CFBE28B618C2B1DB00DDB182 /* VWWScannerViewController.m */,
			);
			name = Scanner;
			sourceTree = "<group>";
		};
		CF5C428A18C3196F006A1260 /* Default */ = {
			isa = PBXGroup;
			children = (
				CFBE28B718C2B1DB00DDB182 /* VWWDefaultViewController.h */,
				CFBE28B818C2B1DB00DDB182 /* VWWDefaultViewController.m */,
			);
			name = Default;
			sourceTree = "<group>";
		};
		CF5C428B18C3197B006A1260 /* Details */ = {
			isa = PBXGroup;
			children = (
				CF10A26318C30E1300E22EB3 /* VWWDetailsTableViewController.h */,
				CF10A26418C30E1300E22EB3 /* VWWDetailsTableViewController.m */,
			);
			name = Details;
			sourceTree = "<group>";
		};
		CFBE286018C2AB3900DDB182 = {
			isa = PBXGroup;
			children = (
				CF10A25D18C3041700E22EB3 /* CandySorter_sketch */,
				CFBE287218C2AB3900DDB182 /* CandySorter */,
				CFBE289118C2AB3900DDB182 /* CandySorterTests */,
				CFBE286B18C2AB3900DDB182 /* Frameworks */,
				CFBE286A18C2AB3900DDB182 /* Products */,
			);
			sourceTree = "<group>";
		};
		CFBE286A18C2AB3900DDB182 /* Products */ = {
			isa = PBXGroup;
			children = (
				CFBE286918C2AB3900DDB182 /* CandySorter.app */,
				CFBE288A18C2AB3900DDB182 /* CandySorterTests.xctest */,
			);
			name = Products;
			sourceTree = "<group>";
		};
		CFBE286B18C2AB3900DDB182 /* Frameworks */ = {
			isa = PBXGroup;
			children = (
				CFBE28CD18C2B28400DDB182 /* AVFoundation.framework */,
				CFBE28A618C2AB9A00DDB182 /* CoreBluetooth.framework */,
				CFBE28A118C2AB8300DDB182 /* BLE */,
				CFBE286C18C2AB3900DDB182 /* Foundation.framework */,
				CFBE286E18C2AB3900DDB182 /* CoreGraphics.framework */,
				CFBE287018C2AB3900DDB182 /* UIKit.framework */,
				CFBE288B18C2AB3900DDB182 /* XCTest.framework */,
			);
			name = Frameworks;
			sourceTree = "<group>";
		};
		CFBE287218C2AB3900DDB182 /* CandySorter */ = {
			isa = PBXGroup;
			children = (
				CFBE28AB18C2AC0600DDB182 /* Controllers */,
				CFBE288418C2AB3900DDB182 /* Images.xcassets */,
				CFBE28C618C2B24700DDB182 /* Model */,
				CFBE287318C2AB3900DDB182 /* Supporting Files */,
				CFBE28AC18C2AC0F00DDB182 /* UserInterface */,
				CFBE28B218C2ADA500DDB182 /* Utilities */,
				CFBE28BC18C2B1DB00DDB182 /* View */,
			);
			path = CandySorter;
			sourceTree = "<group>";
		};
		CFBE287318C2AB3900DDB182 /* Supporting Files */ = {
			isa = PBXGroup;
			children = (
				CFBE287B18C2AB3900DDB182 /* AppDelegate.h */,
				CFBE287C18C2AB3900DDB182 /* AppDelegate.m */,
				CFBE287418C2AB3900DDB182 /* CandySorter-Info.plist */,
				CFBE287518C2AB3900DDB182 /* InfoPlist.strings */,
				CFBE287818C2AB3900DDB182 /* main.m */,
				CFBE287A18C2AB3900DDB182 /* CandySorter-Prefix.pch */,
			);
			name = "Supporting Files";
			sourceTree = "<group>";
		};
		CFBE289118C2AB3900DDB182 /* CandySorterTests */ = {
			isa = PBXGroup;
			children = (
				CFBE289718C2AB3900DDB182 /* CandySorterTests.m */,
				CFBE289218C2AB3900DDB182 /* Supporting Files */,
			);
			path = CandySorterTests;
			sourceTree = "<group>";
		};
		CFBE289218C2AB3900DDB182 /* Supporting Files */ = {
			isa = PBXGroup;
			children = (
				CFBE289318C2AB3900DDB182 /* CandySorterTests-Info.plist */,
				CFBE289418C2AB3900DDB182 /* InfoPlist.strings */,
			);
			name = "Supporting Files";
			sourceTree = "<group>";
		};
		CFBE28A118C2AB8300DDB182 /* BLE */ = {
			isa = PBXGroup;
			children = (
				CFBE28A218C2AB8300DDB182 /* BLE.h */,
				CFBE28A318C2AB8300DDB182 /* BLE.m */,
				CFBE28A418C2AB8300DDB182 /* BLEDefines.h */,
			);
			name = BLE;
			path = CandySorter/BLE;
			sourceTree = "<group>";
		};
		CFBE28AB18C2AC0600DDB182 /* Controllers */ = {
			isa = PBXGroup;
			children = (
				CFBE28B418C2B1DB00DDB182 /* GUI */,
				CFBE28B918C2B1DB00DDB182 /* NonGUI */,
			);
			name = Controllers;
			sourceTree = "<group>";
		};
		CFBE28AC18C2AC0F00DDB182 /* UserInterface */ = {
			isa = PBXGroup;
			children = (
				CFBE287E18C2AB3900DDB182 /* Main.storyboard */,
			);
			name = UserInterface;
			sourceTree = "<group>";
		};
		CFBE28B218C2ADA500DDB182 /* Utilities */ = {
			isa = PBXGroup;
			children = (
				CFBE28B318C2ADA500DDB182 /* VWWUtilities.h */,
			);
			path = Utilities;
			sourceTree = "<group>";
		};
		CFBE28B418C2B1DB00DDB182 /* GUI */ = {
			isa = PBXGroup;
			children = (
				CF5C428518C31898006A1260 /* Bins */,
				CF5C428018C3169D006A1260 /* Commands */,
				CF5C428A18C3196F006A1260 /* Default */,
				CF5C428B18C3197B006A1260 /* Details */,
				CF5C428918C31967006A1260 /* Scanner */,
			);
			name = GUI;
			path = Controllers/GUI;
			sourceTree = "<group>";
		};
		CFBE28B918C2B1DB00DDB182 /* NonGUI */ = {
			isa = PBXGroup;
			children = (
				CFBE28BA18C2B1DB00DDB182 /* VWWBLEController.h */,
				CFBE28BB18C2B1DB00DDB182 /* VWWBLEController.m */,
				CF5C428C18C31F2B006A1260 /* VWWScannerController.h */,
				CF5C428D18C31F2B006A1260 /* VWWScannerController.m */,
			);
			name = NonGUI;
			path = Controllers/NonGUI;
			sourceTree = "<group>";
		};
		CFBE28BC18C2B1DB00DDB182 /* View */ = {
			isa = PBXGroup;
			children = (
				CFBE28BD18C2B1DB00DDB182 /* VWWColorView.h */,
				CFBE28BE18C2B1DB00DDB182 /* VWWColorView.m */,
				CFBE28BF18C2B1DB00DDB182 /* VWWCrosshairView.h */,
				CFBE28C018C2B1DB00DDB182 /* VWWCrosshairView.m */,
			);
			path = View;
			sourceTree = "<group>";
		};
		CFBE28C618C2B24700DDB182 /* Model */ = {
			isa = PBXGroup;
			children = (
				CFBE28C718C2B24700DDB182 /* VWWColor.h */,
				CFBE28C818C2B24700DDB182 /* VWWColor.m */,
				CFBE28C918C2B24700DDB182 /* VWWColors.h */,
				CFBE28CA18C2B24700DDB182 /* VWWColors.m */,
			);
			path = Model;
			sourceTree = "<group>";
		};
/* End PBXGroup section */

/* Begin PBXNativeTarget section */
		CFBE286818C2AB3900DDB182 /* CandySorter */ = {
			isa = PBXNativeTarget;
			buildConfigurationList = CFBE289B18C2AB3900DDB182 /* Build configuration list for PBXNativeTarget "CandySorter" */;
			buildPhases = (
				CFBE286518C2AB3900DDB182 /* Sources */,
				CFBE286618C2AB3900DDB182 /* Frameworks */,
				CFBE286718C2AB3900DDB182 /* Resources */,
			);
			buildRules = (
			);
			dependencies = (
			);
			name = CandySorter;
			productName = CandySorter;
			productReference = CFBE286918C2AB3900DDB182 /* CandySorter.app */;
			productType = "com.apple.product-type.application";
		};
		CFBE288918C2AB3900DDB182 /* CandySorterTests */ = {
			isa = PBXNativeTarget;
			buildConfigurationList = CFBE289E18C2AB3900DDB182 /* Build configuration list for PBXNativeTarget "CandySorterTests" */;
			buildPhases = (
				CFBE288618C2AB3900DDB182 /* Sources */,
				CFBE288718C2AB3900DDB182 /* Frameworks */,
				CFBE288818C2AB3900DDB182 /* Resources */,
			);
			buildRules = (
			);
			dependencies = (
				CFBE289018C2AB3900DDB182 /* PBXTargetDependency */,
			);
			name = CandySorterTests;
			productName = CandySorterTests;
			productReference = CFBE288A18C2AB3900DDB182 /* CandySorterTests.xctest */;
			productType = "com.apple.product-type.bundle.unit-test";
		};
/* End PBXNativeTarget section */

/* Begin PBXProject section */
		CFBE286118C2AB3900DDB182 /* Project object */ = {
			isa = PBXProject;
			attributes = {
				LastUpgradeCheck = 0500;
				ORGANIZATIONNAME = "Zakk Hoyt";
				TargetAttributes = {
					CFBE288918C2AB3900DDB182 = {
						TestTargetID = CFBE286818C2AB3900DDB182;
					};
				};
			};
			buildConfigurationList = CFBE286418C2AB3900DDB182 /* Build configuration list for PBXProject "CandySorter" */;
			compatibilityVersion = "Xcode 3.2";
			developmentRegion = English;
			hasScannedForEncodings = 0;
			knownRegions = (
				en,
				Base,
			);
			mainGroup = CFBE286018C2AB3900DDB182;
			productRefGroup = CFBE286A18C2AB3900DDB182 /* Products */;
			projectDirPath = "";
			projectRoot = "";
			targets = (
				CFBE286818C2AB3900DDB182 /* CandySorter */,
				CFBE288918C2AB3900DDB182 /* CandySorterTests */,
			);
		};
/* End PBXProject section */

/* Begin PBXResourcesBuildPhase section */
		CFBE286718C2AB3900DDB182 /* Resources */ = {
			isa = PBXResourcesBuildPhase;
			buildActionMask = 2147483647;
			files = (
				CFBE288518C2AB3900DDB182 /* Images.xcassets in Resources */,
				CFBE287718C2AB3900DDB182 /* InfoPlist.strings in Resources */,
				CFBE288018C2AB3900DDB182 /* Main.storyboard in Resources */,
			);
			runOnlyForDeploymentPostprocessing = 0;
		};
		CFBE288818C2AB3900DDB182 /* Resources */ = {
			isa = PBXResourcesBuildPhase;
			buildActionMask = 2147483647;
			files = (
				CFBE289618C2AB3900DDB182 /* InfoPlist.strings in Resources */,
			);
			runOnlyForDeploymentPostprocessing = 0;
		};
/* End PBXResourcesBuildPhase section */

/* Begin PBXSourcesBuildPhase section */
		CFBE286518C2AB3900DDB182 /* Sources */ = {
			isa = PBXSourcesBuildPhase;
			buildActionMask = 2147483647;
			files = (
				CF5C428818C318AC006A1260 /* VWWBinsTableViewController.m in Sources */,
				CF5C428418C316C7006A1260 /* VWWBinTableViewCell.m in Sources */,
				CFBE28C118C2B1DB00DDB182 /* VWWScannerViewController.m in Sources */,
				CFBE28C418C2B1DB00DDB182 /* VWWColorView.m in Sources */,
				CFBE28C518C2B1DB00DDB182 /* VWWCrosshairView.m in Sources */,
				CFBE287D18C2AB3900DDB182 /* AppDelegate.m in Sources */,
				CFBE28CC18C2B24700DDB182 /* VWWColors.m in Sources */,
				CFBE287918C2AB3900DDB182 /* main.m in Sources */,
				CFBE28A518C2AB8300DDB182 /* BLE.m in Sources */,
				CFBE28CB18C2B24700DDB182 /* VWWColor.m in Sources */,
				CFBE28C318C2B1DB00DDB182 /* VWWBLEController.m in Sources */,
				CF10A26218C30BB900E22EB3 /* VWWCommandsTableViewController.m in Sources */,
				CF10A26518C30E1300E22EB3 /* VWWDetailsTableViewController.m in Sources */,
				CFBE28C218C2B1DB00DDB182 /* VWWDefaultViewController.m in Sources */,
				CF5C428E18C31F2B006A1260 /* VWWScannerController.m in Sources */,
			);
			runOnlyForDeploymentPostprocessing = 0;
		};
		CFBE288618C2AB3900DDB182 /* Sources */ = {
			isa = PBXSourcesBuildPhase;
			buildActionMask = 2147483647;
			files = (
				CFBE289818C2AB3900DDB182 /* CandySorterTests.m in Sources */,
			);
			runOnlyForDeploymentPostprocessing = 0;
		};
/* End PBXSourcesBuildPhase section */

/* Begin PBXTargetDependency section */
		CFBE289018C2AB3900DDB182 /* PBXTargetDependency */ = {
			isa = PBXTargetDependency;
			target = CFBE286818C2AB3900DDB182 /* CandySorter */;
			targetProxy = CFBE288F18C2AB3900DDB182 /* PBXContainerItemProxy */;
		};
/* End PBXTargetDependency section */

/* Begin PBXVariantGroup section */
		CFBE287518C2AB3900DDB182 /* InfoPlist.strings */ = {
			isa = PBXVariantGroup;
			children = (
				CFBE287618C2AB3900DDB182 /* en */,
			);
			name = InfoPlist.strings;
			sourceTree = "<group>";
		};
		CFBE287E18C2AB3900DDB182 /* Main.storyboard */ = {
			isa = PBXVariantGroup;
			children = (
				CFBE287F18C2AB3900DDB182 /* Base */,
			);
			name = Main.storyboard;
			sourceTree = "<group>";
		};
		CFBE289418C2AB3900DDB182 /* InfoPlist.strings */ = {
			isa = PBXVariantGroup;
			children = (
				CFBE289518C2AB3900DDB182 /* en */,
			);
			name = InfoPlist.strings;
			sourceTree = "<group>";
		};
/* End PBXVariantGroup section */

/* Begin XCBuildConfiguration section */
		CFBE289918C2AB3900DDB182 /* Debug */ = {
			isa = XCBuildConfiguration;
			buildSettings = {
				ALWAYS_SEARCH_USER_PATHS = NO;
				ARCHS = "$(ARCHS_STANDARD_INCLUDING_64_BIT)";
				CLANG_CXX_LANGUAGE_STANDARD = "gnu++0x";
				CLANG_CXX_LIBRARY = "libc++";
				CLANG_ENABLE_MODULES = YES;
				CLANG_ENABLE_OBJC_ARC = YES;
				CLANG_WARN_BOOL_CONVERSION = YES;
				CLANG_WARN_CONSTANT_CONVERSION = YES;
				CLANG_WARN_DIRECT_OBJC_ISA_USAGE = YES_ERROR;
				CLANG_WARN_EMPTY_BODY = YES;
				CLANG_WARN_ENUM_CONVERSION = YES;
				CLANG_WARN_INT_CONVERSION = YES;
				CLANG_WARN_OBJC_ROOT_CLASS = YES_ERROR;
				CLANG_WARN__DUPLICATE_METHOD_MATCH = YES;
				"CODE_SIGN_IDENTITY[sdk=iphoneos*]" = "iPhone Developer";
				COPY_PHASE_STRIP = NO;
				GCC_C_LANGUAGE_STANDARD = gnu99;
				GCC_DYNAMIC_NO_PIC = NO;
				GCC_OPTIMIZATION_LEVEL = 0;
				GCC_PREPROCESSOR_DEFINITIONS = (
					"DEBUG=1",
					"$(inherited)",
				);
				GCC_SYMBOLS_PRIVATE_EXTERN = NO;
				GCC_WARN_64_TO_32_BIT_CONVERSION = YES;
				GCC_WARN_ABOUT_RETURN_TYPE = YES_ERROR;
				GCC_WARN_UNDECLARED_SELECTOR = YES;
				GCC_WARN_UNINITIALIZED_AUTOS = YES;
				GCC_WARN_UNUSED_FUNCTION = YES;
				GCC_WARN_UNUSED_VARIABLE = YES;
				IPHONEOS_DEPLOYMENT_TARGET = 7.0;
				ONLY_ACTIVE_ARCH = YES;
				SDKROOT = iphoneos;
			};
			name = Debug;
		};
		CFBE289A18C2AB3900DDB182 /* Release */ = {
			isa = XCBuildConfiguration;
			buildSettings = {
				ALWAYS_SEARCH_USER_PATHS = NO;
				ARCHS = "$(ARCHS_STANDARD_INCLUDING_64_BIT)";
				CLANG_CXX_LANGUAGE_STANDARD = "gnu++0x";
				CLANG_CXX_LIBRARY = "libc++";
				CLANG_ENABLE_MODULES = YES;
				CLANG_ENABLE_OBJC_ARC = YES;
				CLANG_WARN_BOOL_CONVERSION = YES;
				CLANG_WARN_CONSTANT_CONVERSION = YES;
				CLANG_WARN_DIRECT_OBJC_ISA_USAGE = YES_ERROR;
				CLANG_WARN_EMPTY_BODY = YES;
				CLANG_WARN_ENUM_CONVERSION = YES;
				CLANG_WARN_INT_CONVERSION = YES;
				CLANG_WARN_OBJC_ROOT_CLASS = YES_ERROR;
				CLANG_WARN__DUPLICATE_METHOD_MATCH = YES;
				"CODE_SIGN_IDENTITY[sdk=iphoneos*]" = "iPhone Developer";
				COPY_PHASE_STRIP = YES;
				ENABLE_NS_ASSERTIONS = NO;
				GCC_C_LANGUAGE_STANDARD = gnu99;
				GCC_WARN_64_TO_32_BIT_CONVERSION = YES;
				GCC_WARN_ABOUT_RETURN_TYPE = YES_ERROR;
				GCC_WARN_UNDECLARED_SELECTOR = YES;
				GCC_WARN_UNINITIALIZED_AUTOS = YES;
				GCC_WARN_UNUSED_FUNCTION = YES;
				GCC_WARN_UNUSED_VARIABLE = YES;
				IPHONEOS_DEPLOYMENT_TARGET = 7.0;
				SDKROOT = iphoneos;
				VALIDATE_PRODUCT = YES;
			};
			name = Release;
		};
		CFBE289C18C2AB3900DDB182 /* Debug */ = {
			isa = XCBuildConfiguration;
			buildSettings = {
				ASSETCATALOG_COMPILER_APPICON_NAME = AppIcon;
				ASSETCATALOG_COMPILER_LAUNCHIMAGE_NAME = LaunchImage;
				CODE_SIGN_IDENTITY = "iPhone Developer";
				GCC_PRECOMPILE_PREFIX_HEADER = YES;
				GCC_PREFIX_HEADER = "CandySorter/CandySorter-Prefix.pch";
				INFOPLIST_FILE = "CandySorter/CandySorter-Info.plist";
				PRODUCT_NAME = "$(TARGET_NAME)";
				WRAPPER_EXTENSION = app;
			};
			name = Debug;
		};
		CFBE289D18C2AB3900DDB182 /* Release */ = {
			isa = XCBuildConfiguration;
			buildSettings = {
				ASSETCATALOG_COMPILER_APPICON_NAME = AppIcon;
				ASSETCATALOG_COMPILER_LAUNCHIMAGE_NAME = LaunchImage;
				CODE_SIGN_IDENTITY = "iPhone Developer";
				GCC_PRECOMPILE_PREFIX_HEADER = YES;
				GCC_PREFIX_HEADER = "CandySorter/CandySorter-Prefix.pch";
				INFOPLIST_FILE = "CandySorter/CandySorter-Info.plist";
				PRODUCT_NAME = "$(TARGET_NAME)";
				WRAPPER_EXTENSION = app;
			};
			name = Release;
		};
		CFBE289F18C2AB3900DDB182 /* Debug */ = {
			isa = XCBuildConfiguration;
			buildSettings = {
				ARCHS = "$(ARCHS_STANDARD_INCLUDING_64_BIT)";
				BUNDLE_LOADER = "$(BUILT_PRODUCTS_DIR)/CandySorter.app/CandySorter";
				FRAMEWORK_SEARCH_PATHS = (
					"$(SDKROOT)/Developer/Library/Frameworks",
					"$(inherited)",
					"$(DEVELOPER_FRAMEWORKS_DIR)",
				);
				GCC_PRECOMPILE_PREFIX_HEADER = YES;
				GCC_PREFIX_HEADER = "CandySorter/CandySorter-Prefix.pch";
				GCC_PREPROCESSOR_DEFINITIONS = (
					"DEBUG=1",
					"$(inherited)",
				);
				INFOPLIST_FILE = "CandySorterTests/CandySorterTests-Info.plist";
				PRODUCT_NAME = "$(TARGET_NAME)";
				TEST_HOST = "$(BUNDLE_LOADER)";
				WRAPPER_EXTENSION = xctest;
			};
			name = Debug;
		};
		CFBE28A018C2AB3900DDB182 /* Release */ = {
			isa = XCBuildConfiguration;
			buildSettings = {
				ARCHS = "$(ARCHS_STANDARD_INCLUDING_64_BIT)";
				BUNDLE_LOADER = "$(BUILT_PRODUCTS_DIR)/CandySorter.app/CandySorter";
				FRAMEWORK_SEARCH_PATHS = (
					"$(SDKROOT)/Developer/Library/Frameworks",
					"$(inherited)",
					"$(DEVELOPER_FRAMEWORKS_DIR)",
				);
				GCC_PRECOMPILE_PREFIX_HEADER = YES;
				GCC_PREFIX_HEADER = "CandySorter/CandySorter-Prefix.pch";
				INFOPLIST_FILE = "CandySorterTests/CandySorterTests-Info.plist";
				PRODUCT_NAME = "$(TARGET_NAME)";
				TEST_HOST = "$(BUNDLE_LOADER)";
				WRAPPER_EXTENSION = xctest;
			};
			name = Release;
		};
/* End XCBuildConfiguration section */

/* Begin XCConfigurationList section */
		CFBE286418C2AB3900DDB182 /* Build configuration list for PBXProject "CandySorter" */ = {
			isa = XCConfigurationList;
			buildConfigurations = (
				CFBE289918C2AB3900DDB182 /* Debug */,
				CFBE289A18C2AB3900DDB182 /* Release */,
			);
			defaultConfigurationIsVisible = 0;
			defaultConfigurationName = Release;
		};
		CFBE289B18C2AB3900DDB182 /* Build configuration list for PBXNativeTarget "CandySorter" */ = {
			isa = XCConfigurationList;
			buildConfigurations = (
				CFBE289C18C2AB3900DDB182 /* Debug */,
				CFBE289D18C2AB3900DDB182 /* Release */,
			);
			defaultConfigurationIsVisible = 0;
			defaultConfigurationName = Release;
		};
		CFBE289E18C2AB3900DDB182 /* Build configuration list for PBXNativeTarget "CandySorterTests" */ = {
			isa = XCConfigurationList;
			buildConfigurations = (
				CFBE289F18C2AB3900DDB182 /* Debug */,
				CFBE28A018C2AB3900DDB182 /* Release */,
			);
			defaultConfigurationIsVisible = 0;
			defaultConfigurationName = Release;
		};
/* End XCConfigurationList section */
	};
	rootObject = CFBE286118C2AB3900DDB182 /* Project object */;
}
